# Generated by buf. DO NOT EDIT.
version: v2
deps:
  - name: buf.build/googleapis/googleapis
    commit: 8d7204855ec14631a499bd7393ce1970
    digest: b5:22594cafc33831df378a6448d5119bed98222314e7a63034167193473e8fa997061e05ceb5900c0e403c7ec427bd287be24eaa51b0a88b1dd5ed8f1a7aef1869
  - name: buf.build/grpc-ecosystem/grpc-gateway
    commit: bc28b723cd774c32b6fbc77621518765
    digest: b5:a613f827fa6ff35a4f5e87e80e35ac6b35e5792cc9c5a658351072777d88c6d4df785a0c14889090db11667cf5463d122c7193b3719c7861d3e5747c22ce1381
