{
  "lockfile_version": "1",
  "packages": {
    "atlas@0.37.0": {
      "last_modified": "2025-10-07T08:41:47Z",
      "resolved": "github:NixOS/nixpkgs/bce5fe2bb998488d8e7e7856315f90496723793c#atlas",
      "source": "devbox-search",
      "version": "0.37.0",
      "systems": {
        "aarch64-darwin": {
          "outputs": [
            {
              "name": "out",
              "path": "/nix/store/v5wi0jd3g90pydlxgsd4534vva3vd40v-atlas-0.37.0",
              "default": true
            }
          ],
          "store_path": "/nix/store/v5wi0jd3g90pydlxgsd4534vva3vd40v-atlas-0.37.0"
        },
        "aarch64-linux": {
          "outputs": [
            {
              "name": "out",
              "path": "/nix/store/nj3879096v6rjpmcmkgb4h0mgizz2yjq-atlas-0.37.0",
              "default": true
            }
          ],
          "store_path": "/nix/store/nj3879096v6rjpmcmkgb4h0mgizz2yjq-atlas-0.37.0"
        },
        "x86_64-darwin": {
          "outputs": [
            {
              "name": "out",
              "path": "/nix/store/4amv5d0wm45cw3501bpc7q1g563sa7d2-atlas-0.37.0",
              "default": true
            }
          ],
          "store_path": "/nix/store/4amv5d0wm45cw3501bpc7q1g563sa7d2-atlas-0.37.0"
        },
        "x86_64-linux": {
          "outputs": [
            {
              "name": "out",
              "path": "/nix/store/wi1xm08yalzl8hj0rg7yin9ahd93aczc-atlas-0.37.0",
              "default": true
            }
          ],
          "store_path": "/nix/store/wi1xm08yalzl8hj0rg7yin9ahd93aczc-atlas-0.37.0"
        }
      }
    },
    "buf@1.59.0": {
      "last_modified": "2025-10-26T01:09:48Z",
      "resolved": "github:NixOS/nixpkgs/de69d2ba6c70e747320df9c096523b623d3a4c35#buf",
      "source": "devbox-search",
      "version": "1.59.0",
      "systems": {
        "aarch64-darwin": {
          "outputs": [
            {
              "name": "out",
              "path": "/nix/store/icdnbawn3byy8i1c0gyp2vzgc89h0l2a-buf-1.59.0",
              "default": true
            }
          ],
          "store_path": "/nix/store/icdnbawn3byy8i1c0gyp2vzgc89h0l2a-buf-1.59.0"
        },
        "aarch64-linux": {
          "outputs": [
            {
              "name": "out",
              "path": "/nix/store/jd3ibgpy7n57bjxl52nd4ldihdycb4sz-buf-1.59.0",
              "default": true
            }
          ],
          "store_path": "/nix/store/jd3ibgpy7n57bjxl52nd4ldihdycb4sz-buf-1.59.0"
        },
        "x86_64-darwin": {
          "outputs": [
            {
              "name": "out",
              "path": "/nix/store/j64vjqkmwpmx8vvpr05wx5wrpndybw99-buf-1.59.0",
              "default": true
            }
          ],
          "store_path": "/nix/store/j64vjqkmwpmx8vvpr05wx5wrpndybw99-buf-1.59.0"
        },
        "x86_64-linux": {
          "outputs": [
            {
              "name": "out",
              "path": "/nix/store/nsn3m41v6y5kd7h43saayxl215310yy2-buf-1.59.0",
              "default": true
            }
          ],
          "store_path": "/nix/store/nsn3m41v6y5kd7h43saayxl215310yy2-buf-1.59.0"
        }
      }
    },
    "github:NixOS/nixpkgs/nixpkgs-unstable": {
      "last_modified": "2025-10-20T04:25:18Z",
      "resolved": "github:NixOS/nixpkgs/87848bf0cc4f87717fc813a4575f07330c3e743c?lastModified=1760934318&narHash=sha256-%2FoUYsC0lUCBory65VK%2BUHqCCsCspbL1Vgfcf1KUYqVw%3D"
    },
    "go@1.25.2": {
      "last_modified": "2025-10-22T20:59:19Z",
      "resolved": "github:NixOS/nixpkgs/01b6809f7f9d1183a2b3e081f0a1e6f8f415cb09#go",
      "source": "devbox-search",
      "version": "1.25.2",
      "systems": {
        "aarch64-darwin": {
          "outputs": [
            {
              "name": "out",
              "path": "/nix/store/nkhf1yv637cp91y79zap7jxmm98v8pvj-go-1.25.2",
              "default": true
            }
          ],
          "store_path": "/nix/store/nkhf1yv637cp91y79zap7jxmm98v8pvj-go-1.25.2"
        },
        "aarch64-linux": {
          "outputs": [
            {
              "name": "out",
              "path": "/nix/store/p1d8jb1k4db3aiqwyp8b1kw4mja3qygx-go-1.25.2",
              "default": true
            }
          ],
          "store_path": "/nix/store/p1d8jb1k4db3aiqwyp8b1kw4mja3qygx-go-1.25.2"
        },
        "x86_64-darwin": {
          "outputs": [
            {
              "name": "out",
              "path": "/nix/store/xvwacgkf3x446qq3mdsh3v13f8935wa3-go-1.25.2",
              "default": true
            }
          ],
          "store_path": "/nix/store/xvwacgkf3x446qq3mdsh3v13f8935wa3-go-1.25.2"
        },
        "x86_64-linux": {
          "outputs": [
            {
              "name": "out",
              "path": "/nix/store/k1kn1c59ss7nq6agdppzq3krwmi3xqy4-go-1.25.2",
              "default": true
            }
          ],
          "store_path": "/nix/store/k1kn1c59ss7nq6agdppzq3krwmi3xqy4-go-1.25.2"
        }
      }
    },
    "golangci-lint@2.6.0": {
      "last_modified": "2025-10-30T18:40:41Z",
      "resolved": "github:NixOS/nixpkgs/45ebaee5d90bab997812235564af4cf5107bde89#golangci-lint",
      "source": "devbox-search",
      "version": "2.6.0",
      "systems": {
        "aarch64-darwin": {
          "outputs": [
            {
              "name": "out",
              "path": "/nix/store/3d9s59vm4hjgavsnfkd18p5krry20fgv-golangci-lint-2.6.0",
              "default": true
            }
          ],
          "store_path": "/nix/store/3d9s59vm4hjgavsnfkd18p5krry20fgv-golangci-lint-2.6.0"
        },
        "aarch64-linux": {
          "outputs": [
            {
              "name": "out",
              "path": "/nix/store/2yk0xhvyvx5f2x41wnlx5n9hijvb2xyv-golangci-lint-2.6.0",
              "default": true
            }
          ],
          "store_path": "/nix/store/2yk0xhvyvx5f2x41wnlx5n9hijvb2xyv-golangci-lint-2.6.0"
        },
        "x86_64-darwin": {
          "outputs": [
            {
              "name": "out",
              "path": "/nix/store/573khksn3wshypg14xx9i3fy0xn2iwzj-golangci-lint-2.6.0",
              "default": true
            }
          ],
          "store_path": "/nix/store/573khksn3wshypg14xx9i3fy0xn2iwzj-golangci-lint-2.6.0"
        },
        "x86_64-linux": {
          "outputs": [
            {
              "name": "out",
              "path": "/nix/store/gqgzprwh1lpfkvwcyb7z2zn2higx445w-golangci-lint-2.6.0",
              "default": true
            }
          ],
          "store_path": "/nix/store/gqgzprwh1lpfkvwcyb7z2zn2higx445w-golangci-lint-2.6.0"
        }
      }
    },
    "grpc-gateway@2.27.3": {
      "last_modified": "2025-10-24T23:52:36Z",
      "resolved": "github:NixOS/nixpkgs/02f2cb8e0feb4596d20cc52fda73ccee960e3538#grpc-gateway",
      "source": "devbox-search",
      "version": "2.27.3",
      "systems": {
        "aarch64-darwin": {
          "outputs": [
            {
              "name": "out",
              "path": "/nix/store/8qmiiv4b7p1b73psz8hpfqggynm5xfhx-grpc-gateway-2.27.3",
              "default": true
            }
          ],
          "store_path": "/nix/store/8qmiiv4b7p1b73psz8hpfqggynm5xfhx-grpc-gateway-2.27.3"
        },
        "aarch64-linux": {
          "outputs": [
            {
              "name": "out",
              "path": "/nix/store/213y99l13bn53nc2wp0ka5hm49jxavfi-grpc-gateway-2.27.3",
              "default": true
            }
          ],
          "store_path": "/nix/store/213y99l13bn53nc2wp0ka5hm49jxavfi-grpc-gateway-2.27.3"
        },
        "x86_64-darwin": {
          "outputs": [
            {
              "name": "out",
              "path": "/nix/store/7998jja246ffh7dhzm9l999073jgxb9n-grpc-gateway-2.27.3",
              "default": true
            }
          ],
          "store_path": "/nix/store/7998jja246ffh7dhzm9l999073jgxb9n-grpc-gateway-2.27.3"
        },
        "x86_64-linux": {
          "outputs": [
            {
              "name": "out",
              "path": "/nix/store/ykync9iy849f1xfc9wlnk1ninqx806gb-grpc-gateway-2.27.3",
              "default": true
            }
          ],
          "store_path": "/nix/store/ykync9iy849f1xfc9wlnk1ninqx806gb-grpc-gateway-2.27.3"
        }
      }
    },
    "mockgen@0.6.0": {
      "last_modified": "2025-10-07T08:41:47Z",
      "resolved": "github:NixOS/nixpkgs/bce5fe2bb998488d8e7e7856315f90496723793c#mockgen",
      "source": "devbox-search",
      "version": "0.6.0",
      "systems": {
        "aarch64-darwin": {
          "outputs": [
            {
              "name": "out",
              "path": "/nix/store/1ym4dzvn89vxqm9zbxvw1k5zhlvywv5a-mockgen-0.6.0",
              "default": true
            }
          ],
          "store_path": "/nix/store/1ym4dzvn89vxqm9zbxvw1k5zhlvywv5a-mockgen-0.6.0"
        },
        "aarch64-linux": {
          "outputs": [
            {
              "name": "out",
              "path": "/nix/store/h9v5q9z1zrrgz3lpqp5v1s0a1cxl9cal-mockgen-0.6.0",
              "default": true
            }
          ],
          "store_path": "/nix/store/h9v5q9z1zrrgz3lpqp5v1s0a1cxl9cal-mockgen-0.6.0"
        },
        "x86_64-darwin": {
          "outputs": [
            {
              "name": "out",
              "path": "/nix/store/4ahjrzslzcqaxc47lspvf785ijzvsjjg-mockgen-0.6.0",
              "default": true
            }
          ],
          "store_path": "/nix/store/4ahjrzslzcqaxc47lspvf785ijzvsjjg-mockgen-0.6.0"
        },
        "x86_64-linux": {
          "outputs": [
            {
              "name": "out",
              "path": "/nix/store/qpf332v3sxigkgpz4sf70zdnga944587-mockgen-0.6.0",
              "default": true
            }
          ],
          "store_path": "/nix/store/qpf332v3sxigkgpz4sf70zdnga944587-mockgen-0.6.0"
        }
      }
    },
    "protoc-gen-go-grpc@1.5.1": {
      "last_modified": "2025-10-07T08:41:47Z",
      "resolved": "github:NixOS/nixpkgs/bce5fe2bb998488d8e7e7856315f90496723793c#protoc-gen-go-grpc",
      "source": "devbox-search",
      "version": "1.5.1",
      "systems": {
        "aarch64-darwin": {
          "outputs": [
            {
              "name": "out",
              "path": "/nix/store/c1m1qv6cir38z25x7fpvicrzzv23rvl7-protoc-gen-go-grpc-1.5.1",
              "default": true
            }
          ],
          "store_path": "/nix/store/c1m1qv6cir38z25x7fpvicrzzv23rvl7-protoc-gen-go-grpc-1.5.1"
        },
        "aarch64-linux": {
          "outputs": [
            {
              "name": "out",
              "path": "/nix/store/wb9c8qn4w4c93246sh8gjajh8f0lgr2i-protoc-gen-go-grpc-1.5.1",
              "default": true
            }
          ],
          "store_path": "/nix/store/wb9c8qn4w4c93246sh8gjajh8f0lgr2i-protoc-gen-go-grpc-1.5.1"
        },
        "x86_64-darwin": {
          "outputs": [
            {
              "name": "out",
              "path": "/nix/store/d9qjjcvxsbqlm55q2z65xnm7ghaimz9a-protoc-gen-go-grpc-1.5.1",
              "default": true
            }
          ],
          "store_path": "/nix/store/d9qjjcvxsbqlm55q2z65xnm7ghaimz9a-protoc-gen-go-grpc-1.5.1"
        },
        "x86_64-linux": {
          "outputs": [
            {
              "name": "out",
              "path": "/nix/store/7h5nnc2pv5v6r6m9mbrdw8vkg28vvcwx-protoc-gen-go-grpc-1.5.1",
              "default": true
            }
          ],
          "store_path": "/nix/store/7h5nnc2pv5v6r6m9mbrdw8vkg28vvcwx-protoc-gen-go-grpc-1.5.1"
        }
      }
    },
    "protoc-gen-go@1.36.10": {
      "last_modified": "2025-10-07T08:41:47Z",
      "resolved": "github:NixOS/nixpkgs/bce5fe2bb998488d8e7e7856315f90496723793c#protoc-gen-go",
      "source": "devbox-search",
      "version": "1.36.10",
      "systems": {
        "aarch64-darwin": {
          "outputs": [
            {
              "name": "out",
              "path": "/nix/store/mv2gz05b0pb8nwrxy6ijaf6rsjv05njz-protoc-gen-go-1.36.10",
              "default": true
            }
          ],
          "store_path": "/nix/store/mv2gz05b0pb8nwrxy6ijaf6rsjv05njz-protoc-gen-go-1.36.10"
        },
        "aarch64-linux": {
          "outputs": [
            {
              "name": "out",
              "path": "/nix/store/8ci37gcdkq3q7jb17pnsj4g01g6k7rzl-protoc-gen-go-1.36.10",
              "default": true
            }
          ],
          "store_path": "/nix/store/8ci37gcdkq3q7jb17pnsj4g01g6k7rzl-protoc-gen-go-1.36.10"
        },
        "x86_64-darwin": {
          "outputs": [
            {
              "name": "out",
              "path": "/nix/store/azvz2gfvzdijv8n1ghqvplhq7j6463ah-protoc-gen-go-1.36.10",
              "default": true
            }
          ],
          "store_path": "/nix/store/azvz2gfvzdijv8n1ghqvplhq7j6463ah-protoc-gen-go-1.36.10"
        },
        "x86_64-linux": {
          "outputs": [
            {
              "name": "out",
              "path": "/nix/store/9bi18qwbc516c9sz0vzigpxv8phh26df-protoc-gen-go-1.36.10",
              "default": true
            }
          ],
          "store_path": "/nix/store/9bi18qwbc516c9sz0vzigpxv8phh26df-protoc-gen-go-1.36.10"
        }
      }
    },
    "protolint@0.56.4": {
      "last_modified": "2025-10-07T08:41:47Z",
      "resolved": "github:NixOS/nixpkgs/bce5fe2bb998488d8e7e7856315f90496723793c#protolint",
      "source": "devbox-search",
      "version": "0.56.4",
      "systems": {
        "aarch64-darwin": {
          "outputs": [
            {
              "name": "out",
              "path": "/nix/store/9f8md9mr3d3l2s36pbqvlhv9bk0p5ic4-protolint-0.56.4",
              "default": true
            }
          ],
          "store_path": "/nix/store/9f8md9mr3d3l2s36pbqvlhv9bk0p5ic4-protolint-0.56.4"
        },
        "aarch64-linux": {
          "outputs": [
            {
              "name": "out",
              "path": "/nix/store/dbpsp6fm60pi3pv6ygwjrylrmx7p0mwj-protolint-0.56.4",
              "default": true
            }
          ],
          "store_path": "/nix/store/dbpsp6fm60pi3pv6ygwjrylrmx7p0mwj-protolint-0.56.4"
        },
        "x86_64-darwin": {
          "outputs": [
            {
              "name": "out",
              "path": "/nix/store/vldbda1fs19w1mb14ldggf3pf6p1k76w-protolint-0.56.4",
              "default": true
            }
          ],
          "store_path": "/nix/store/vldbda1fs19w1mb14ldggf3pf6p1k76w-protolint-0.56.4"
        },
        "x86_64-linux": {
          "outputs": [
            {
              "name": "out",
              "path": "/nix/store/z9qqhbmpmqfvbyf79nnygdabvnrk0mlp-protolint-0.56.4",
              "default": true
            }
          ],
          "store_path": "/nix/store/z9qqhbmpmqfvbyf79nnygdabvnrk0mlp-protolint-0.56.4"
        }
      }
    },
    "sqlc@1.30.0": {
      "last_modified": "2025-10-07T08:41:47Z",
      "resolved": "github:NixOS/nixpkgs/bce5fe2bb998488d8e7e7856315f90496723793c#sqlc",
      "source": "devbox-search",
      "version": "1.30.0",
      "systems": {
        "aarch64-darwin": {
          "outputs": [
            {
              "name": "out",
              "path": "/nix/store/58l56fa1z0mlq4jc35pv1cwi8g41iyvc-sqlc-1.30.0",
              "default": true
            }
          ],
          "store_path": "/nix/store/58l56fa1z0mlq4jc35pv1cwi8g41iyvc-sqlc-1.30.0"
        },
        "aarch64-linux": {
          "outputs": [
            {
              "name": "out",
              "path": "/nix/store/dj26f44m2ld78bh8ypqwf0l8xd3l1rig-sqlc-1.30.0",
              "default": true
            }
          ],
          "store_path": "/nix/store/dj26f44m2ld78bh8ypqwf0l8xd3l1rig-sqlc-1.30.0"
        },
        "x86_64-darwin": {
          "outputs": [
            {
              "name": "out",
              "path": "/nix/store/cshmvx6ymbqr8br4b4vdhv304hjwfnz9-sqlc-1.30.0",
              "default": true
            }
          ],
          "store_path": "/nix/store/cshmvx6ymbqr8br4b4vdhv304hjwfnz9-sqlc-1.30.0"
        },
        "x86_64-linux": {
          "outputs": [
            {
              "name": "out",
              "path": "/nix/store/z8v6f8myg2ppc9saddr37i9wl0gz40ic-sqlc-1.30.0",
              "default": true
            }
          ],
          "store_path": "/nix/store/z8v6f8myg2ppc9saddr37i9wl0gz40ic-sqlc-1.30.0"
        }
      }
    },
    "sqlfluff@3.5.0": {
      "last_modified": "2025-10-22T20:59:19Z",
      "resolved": "github:NixOS/nixpkgs/01b6809f7f9d1183a2b3e081f0a1e6f8f415cb09#sqlfluff",
      "source": "devbox-search",
      "version": "3.5.0",
      "systems": {
        "aarch64-darwin": {
          "outputs": [
            {
              "name": "out",
              "path": "/nix/store/wg7ksa480mgs41xx9flvgh51wxha7isv-sqlfluff-3.5.0",
              "default": true
            },
            {
              "name": "dist",
              "path": "/nix/store/m2vzwxdxy8wiqj503j8lqibw2bhgksgx-sqlfluff-3.5.0-dist"
            }
          ],
          "store_path": "/nix/store/wg7ksa480mgs41xx9flvgh51wxha7isv-sqlfluff-3.5.0"
        },
        "aarch64-linux": {
          "outputs": [
            {
              "name": "out",
              "path": "/nix/store/r5vax8wh0xa16l50gqj1bl2krib8p81r-sqlfluff-3.5.0",
              "default": true
            },
            {
              "name": "dist",
              "path": "/nix/store/i75w5fpklh2lj0ijh8rm07ix5zpwn2kp-sqlfluff-3.5.0-dist"
            }
          ],
          "store_path": "/nix/store/r5vax8wh0xa16l50gqj1bl2krib8p81r-sqlfluff-3.5.0"
        },
        "x86_64-darwin": {
          "outputs": [
            {
              "name": "out",
              "path": "/nix/store/1n9fccdnca8n157qrbjzv2xa435yisdd-sqlfluff-3.5.0",
              "default": true
            },
            {
              "name": "dist",
              "path": "/nix/store/dr8r2avdf13v75a5n59zx64rhfla9dqq-sqlfluff-3.5.0-dist"
            }
          ],
          "store_path": "/nix/store/1n9fccdnca8n157qrbjzv2xa435yisdd-sqlfluff-3.5.0"
        },
        "x86_64-linux": {
          "outputs": [
            {
              "name": "out",
              "path": "/nix/store/j9pzf5skmhivgj8625b3fmmhcm8mp9is-sqlfluff-3.5.0",
              "default": true
            },
            {
              "name": "dist",
              "path": "/nix/store/zxwa4yhl4jv2i62kww9jj36ylmy6grfc-sqlfluff-3.5.0-dist"
            }
          ],
          "store_path": "/nix/store/j9pzf5skmhivgj8625b3fmmhcm8mp9is-sqlfluff-3.5.0"
        }
      }
    }
  }
}
